// !$*UTF8*$!
{
	archiveVersion = 1;
	classes = {
	};
	objectVersion = 46;
	objects = {

/* Begin PBXBuildFile section */
		EF7075531DE4E384007FF855 /* AppDelegate.swift in Sources */ = {isa = PBXBuildFile; fileRef = EF7075521DE4E384007FF855 /* AppDelegate.swift */; };
		EF7075551DE4E384007FF855 /* ViewController.swift in Sources */ = {isa = PBXBuildFile; fileRef = EF7075541DE4E384007FF855 /* ViewController.swift */; };
		EF7075581DE4E384007FF855 /* Main.storyboard in Resources */ = {isa = PBXBuildFile; fileRef = EF7075561DE4E384007FF855 /* Main.storyboard */; };
		EF70755A1DE4E384007FF855 /* Assets.xcassets in Resources */ = {isa = PBXBuildFile; fileRef = EF7075591DE4E384007FF855 /* Assets.xcassets */; };
		EF70755D1DE4E384007FF855 /* LaunchScreen.storyboard in Resources */ = {isa = PBXBuildFile; fileRef = EF70755B1DE4E384007FF855 /* LaunchScreen.storyboard */; };
		EF7075681DE4E384007FF855 /* Tip_CalculatorTests.swift in Sources */ = {isa = PBXBuildFile; fileRef = EF7075671DE4E384007FF855 /* Tip_CalculatorTests.swift */; };
		EF7075731DE4E384007FF855 /* Tip_CalculatorUITests.swift in Sources */ = {isa = PBXBuildFile; fileRef = EF7075721DE4E384007FF855 /* Tip_CalculatorUITests.swift */; };
		EF7075811DE4F064007FF855 /* SettingsViewController.swift in Sources */ = {isa = PBXBuildFile; fileRef = EF7075801DE4F064007FF855 /* SettingsViewController.swift */; };
/* End PBXBuildFile section */

/* Begin PBXContainerItemProxy section */
		EF7075641DE4E384007FF855 /* PBXContainerItemProxy */ = {
			isa = PBXContainerItemProxy;
			containerPortal = EF7075471DE4E384007FF855 /* Project object */;
			proxyType = 1;
			remoteGlobalIDString = EF70754E1DE4E384007FF855;
			remoteInfo = "Tip Calculator";
		};
		EF70756F1DE4E384007FF855 /* PBXContainerItemProxy */ = {
			isa = PBXContainerItemProxy;
			containerPortal = EF7075471DE4E384007FF855 /* Project object */;
			proxyType = 1;
			remoteGlobalIDString = EF70754E1DE4E384007FF855;
			remoteInfo = "Tip Calculator";
		};
/* End PBXContainerItemProxy section */

/* Begin PBXFileReference section */
		EF70754F1DE4E384007FF855 /* Tip Calculator.app */ = {isa = PBXFileReference; explicitFileType = wrapper.application; includeInIndex = 0; path = "Tip Calculator.app"; sourceTree = BUILT_PRODUCTS_DIR; };
		EF7075521DE4E384007FF855 /* AppDelegate.swift */ = {isa = PBXFileReference; lastKnownFileType = sourcecode.swift; path = AppDelegate.swift; sourceTree = "<group>"; };
		EF7075541DE4E384007FF855 /* ViewController.swift */ = {isa = PBXFileReference; lastKnownFileType = sourcecode.swift; path = ViewController.swift; sourceTree = "<group>"; };
		EF7075571DE4E384007FF855 /* Base */ = {isa = PBXFileReference; lastKnownFileType = file.storyboard; name = Base; path = Base.lproj/Main.storyboard; sourceTree = "<group>"; };
		EF7075591DE4E384007FF855 /* Assets.xcassets */ = {isa = PBXFileReference; lastKnownFileType = folder.assetcatalog; path = Assets.xcassets; sourceTree = "<group>"; };
		EF70755C1DE4E384007FF855 /* Base */ = {isa = PBXFileReference; lastKnownFileType = file.storyboard; name = Base; path = Base.lproj/LaunchScreen.storyboard; sourceTree = "<group>"; };
		EF70755E1DE4E384007FF855 /* Info.plist */ = {isa = PBXFileReference; lastKnownFileType = text.plist.xml; path = Info.plist; sourceTree = "<group>"; };
		EF7075631DE4E384007FF855 /* Tip CalculatorTests.xctest */ = {isa = PBXFileReference; explicitFileType = wrapper.cfbundle; includeInIndex = 0; path = "Tip CalculatorTests.xctest"; sourceTree = BUILT_PRODUCTS_DIR; };
		EF7075671DE4E384007FF855 /* Tip_CalculatorTests.swift */ = {isa = PBXFileReference; lastKnownFileType = sourcecode.swift; path = Tip_CalculatorTests.swift; sourceTree = "<group>"; };
		EF7075691DE4E384007FF855 /* Info.plist */ = {isa = PBXFileReference; lastKnownFileType = text.plist.xml; path = Info.plist; sourceTree = "<group>"; };
		EF70756E1DE4E384007FF855 /* Tip CalculatorUITests.xctest */ = {isa = PBXFileReference; explicitFileType = wrapper.cfbundle; includeInIndex = 0; path = "Tip CalculatorUITests.xctest"; sourceTree = BUILT_PRODUCTS_DIR; };
		EF7075721DE4E384007FF855 /* Tip_CalculatorUITests.swift */ = {isa = PBXFileReference; lastKnownFileType = sourcecode.swift; path = Tip_CalculatorUITests.swift; sourceTree = "<group>"; };
		EF7075741DE4E384007FF855 /* Info.plist */ = {isa = PBXFileReference; lastKnownFileType = text.plist.xml; path = Info.plist; sourceTree = "<group>"; };
		EF7075801DE4F064007FF855 /* SettingsViewController.swift */ = {isa = PBXFileReference; fileEncoding = 4; lastKnownFileType = sourcecode.swift; path = SettingsViewController.swift; sourceTree = "<group>"; };
/* End PBXFileReference section */

/* Begin PBXFrameworksBuildPhase section */
		EF70754C1DE4E384007FF855 /* Frameworks */ = {
			isa = PBXFrameworksBuildPhase;
			buildActionMask = 2147483647;
			files = (
			);
			runOnlyForDeploymentPostprocessing = 0;
		};
		EF7075601DE4E384007FF855 /* Frameworks */ = {
			isa = PBXFrameworksBuildPhase;
			buildActionMask = 2147483647;
			files = (
			);
			runOnlyForDeploymentPostprocessing = 0;
		};
		EF70756B1DE4E384007FF855 /* Frameworks */ = {
			isa = PBXFrameworksBuildPhase;
			buildActionMask = 2147483647;
			files = (
			);
			runOnlyForDeploymentPostprocessing = 0;
		};
/* End PBXFrameworksBuildPhase section */

/* Begin PBXGroup section */
		EF7075461DE4E384007FF855 = {
			isa = PBXGroup;
			children = (
				EF7075511DE4E384007FF855 /* Tip Calculator */,
				EF7075661DE4E384007FF855 /* Tip CalculatorTests */,
				EF7075711DE4E384007FF855 /* Tip CalculatorUITests */,
				EF7075501DE4E384007FF855 /* Products */,
			);
			sourceTree = "<group>";
		};
		EF7075501DE4E384007FF855 /* Products */ = {
			isa = PBXGroup;
			children = (
				EF70754F1DE4E384007FF855 /* Tip Calculator.app */,
				EF7075631DE4E384007FF855 /* Tip CalculatorTests.xctest */,
				EF70756E1DE4E384007FF855 /* Tip CalculatorUITests.xctest */,
			);
			name = Products;
			sourceTree = "<group>";
		};
		EF7075511DE4E384007FF855 /* Tip Calculator */ = {
			isa = PBXGroup;
			children = (
				EF7075521DE4E384007FF855 /* AppDelegate.swift */,
				EF7075541DE4E384007FF855 /* ViewController.swift */,
				EF7075561DE4E384007FF855 /* Main.storyboard */,
				EF7075801DE4F064007FF855 /* SettingsViewController.swift */,
				EF7075591DE4E384007FF855 /* Assets.xcassets */,
				EF70755B1DE4E384007FF855 /* LaunchScreen.storyboard */,
				EF70755E1DE4E384007FF855 /* Info.plist */,
			);
			path = "Tip Calculator";
			sourceTree = "<group>";
		};
		EF7075661DE4E384007FF855 /* Tip CalculatorTests */ = {
			isa = PBXGroup;
			children = (
				EF7075671DE4E384007FF855 /* Tip_CalculatorTests.swift */,
				EF7075691DE4E384007FF855 /* Info.plist */,
			);
			path = "Tip CalculatorTests";
			sourceTree = "<group>";
		};
		EF7075711DE4E384007FF855 /* Tip CalculatorUITests */ = {
			isa = PBXGroup;
			children = (
				EF7075721DE4E384007FF855 /* Tip_CalculatorUITests.swift */,
				EF7075741DE4E384007FF855 /* Info.plist */,
			);
			path = "Tip CalculatorUITests";
			sourceTree = "<group>";
		};
/* End PBXGroup section */

/* Begin PBXNativeTarget section */
		EF70754E1DE4E384007FF855 /* Tip Calculator */ = {
			isa = PBXNativeTarget;
			buildConfigurationList = EF7075771DE4E385007FF855 /* Build configuration list for PBXNativeTarget "Tip Calculator" */;
			buildPhases = (
				EF70754B1DE4E384007FF855 /* Sources */,
				EF70754C1DE4E384007FF855 /* Frameworks */,
				EF70754D1DE4E384007FF855 /* Resources */,
			);
			buildRules = (
			);
			dependencies = (
			);
			name = "Tip Calculator";
			productName = "Tip Calculator";
			productReference = EF70754F1DE4E384007FF855 /* Tip Calculator.app */;
			productType = "com.apple.product-type.application";
		};
		EF7075621DE4E384007FF855 /* Tip CalculatorTests */ = {
			isa = PBXNativeTarget;
			buildConfigurationList = EF70757A1DE4E385007FF855 /* Build configuration list for PBXNativeTarget "Tip CalculatorTests" */;
			buildPhases = (
				EF70755F1DE4E384007FF855 /* Sources */,
				EF7075601DE4E384007FF855 /* Frameworks */,
				EF7075611DE4E384007FF855 /* Resources */,
			);
			buildRules = (
			);
			dependencies = (
				EF7075651DE4E384007FF855 /* PBXTargetDependency */,
			);
			name = "Tip CalculatorTests";
			productName = "Tip CalculatorTests";
			productReference = EF7075631DE4E384007FF855 /* Tip CalculatorTests.xctest */;
			productType = "com.apple.product-type.bundle.unit-test";
		};
		EF70756D1DE4E384007FF855 /* Tip CalculatorUITests */ = {
			isa = PBXNativeTarget;
			buildConfigurationList = EF70757D1DE4E385007FF855 /* Build configuration list for PBXNativeTarget "Tip CalculatorUITests" */;
			buildPhases = (
				EF70756A1DE4E384007FF855 /* Sources */,
				EF70756B1DE4E384007FF855 /* Frameworks */,
				EF70756C1DE4E384007FF855 /* Resources */,
			);
			buildRules = (
			);
			dependencies = (
				EF7075701DE4E384007FF855 /* PBXTargetDependency */,
			);
			name = "Tip CalculatorUITests";
			productName = "Tip CalculatorUITests";
			productReference = EF70756E1DE4E384007FF855 /* Tip CalculatorUITests.xctest */;
			productType = "com.apple.product-type.bundle.ui-testing";
		};
/* End PBXNativeTarget section */

/* Begin PBXProject section */
		EF7075471DE4E384007FF855 /* Project object */ = {
			isa = PBXProject;
			attributes = {
				LastSwiftUpdateCheck = 0730;
				LastUpgradeCheck = 0730;
				ORGANIZATIONNAME = "Merchant, Saman";
				TargetAttributes = {
					EF70754E1DE4E384007FF855 = {
						CreatedOnToolsVersion = 7.3.1;
					};
					EF7075621DE4E384007FF855 = {
						CreatedOnToolsVersion = 7.3.1;
						TestTargetID = EF70754E1DE4E384007FF855;
					};
					EF70756D1DE4E384007FF855 = {
						CreatedOnToolsVersion = 7.3.1;
						TestTargetID = EF70754E1DE4E384007FF855;
					};
				};
			};
			buildConfigurationList = EF70754A1DE4E384007FF855 /* Build configuration list for PBXProject "Tip Calculator" */;
			compatibilityVersion = "Xcode 3.2";
			developmentRegion = English;
			hasScannedForEncodings = 0;
			knownRegions = (
				en,
				Base,
			);
			mainGroup = EF7075461DE4E384007FF855;
			productRefGroup = EF7075501DE4E384007FF855 /* Products */;
			projectDirPath = "";
			projectRoot = "";
			targets = (
				EF70754E1DE4E384007FF855 /* Tip Calculator */,
				EF7075621DE4E384007FF855 /* Tip CalculatorTests */,
				EF70756D1DE4E384007FF855 /* Tip CalculatorUITests */,
			);
		};
/* End PBXProject section */

/* Begin PBXResourcesBuildPhase section */
		EF70754D1DE4E384007FF855 /* Resources */ = {
			isa = PBXResourcesBuildPhase;
			buildActionMask = 2147483647;
			files = (
				EF70755D1DE4E384007FF855 /* LaunchScreen.storyboard in Resources */,
				EF70755A1DE4E384007FF855 /* Assets.xcassets in Resources */,
				EF7075581DE4E384007FF855 /* Main.storyboard in Resources */,
			);
			runOnlyForDeploymentPostprocessing = 0;
		};
		EF7075611DE4E384007FF855 /* Resources */ = {
			isa = PBXResourcesBuildPhase;
			buildActionMask = 2147483647;
			files = (
			);
			runOnlyForDeploymentPostprocessing = 0;
		};
		EF70756C1DE4E384007FF855 /* Resources */ = {
			isa = PBXResourcesBuildPhase;
			buildActionMask = 2147483647;
			files = (
			);
			runOnlyForDeploymentPostprocessing = 0;
		};
/* End PBXResourcesBuildPhase section */

/* Begin PBXSourcesBuildPhase section */
		EF70754B1DE4E384007FF855 /* Sources */ = {
			isa = PBXSourcesBuildPhase;
			buildActionMask = 2147483647;
			files = (
				EF7075551DE4E384007FF855 /* ViewController.swift in Sources */,
				EF7075531DE4E384007FF855 /* AppDelegate.swift in Sources */,
				EF7075811DE4F064007FF855 /* SettingsViewController.swift in Sources */,
			);
			runOnlyForDeploymentPostprocessing = 0;
		};
		EF70755F1DE4E384007FF855 /* Sources */ = {
			isa = PBXSourcesBuildPhase;
			buildActionMask = 2147483647;
			files = (
				EF7075681DE4E384007FF855 /* Tip_CalculatorTests.swift in Sources */,
			);
			runOnlyForDeploymentPostprocessing = 0;
		};
		EF70756A1DE4E384007FF855 /* Sources */ = {
			isa = PBXSourcesBuildPhase;
			buildActionMask = 2147483647;
			files = (
				EF7075731DE4E384007FF855 /* Tip_CalculatorUITests.swift in Sources */,
			);
			runOnlyForDeploymentPostprocessing = 0;
		};
/* End PBXSourcesBuildPhase section */

/* Begin PBXTargetDependency section */
		EF7075651DE4E384007FF855 /* PBXTargetDependency */ = {
			isa = PBXTargetDependency;
			target = EF70754E1DE4E384007FF855 /* Tip Calculator */;
			targetProxy = EF7075641DE4E384007FF855 /* PBXContainerItemProxy */;
		};
		EF7075701DE4E384007FF855 /* PBXTargetDependency */ = {
			isa = PBXTargetDependency;
			target = EF70754E1DE4E384007FF855 /* Tip Calculator */;
			targetProxy = EF70756F1DE4E384007FF855 /* PBXContainerItemProxy */;
		};
/* End PBXTargetDependency section */

/* Begin PBXVariantGroup section */
		EF7075561DE4E384007FF855 /* Main.storyboard */ = {
			isa = PBXVariantGroup;
			children = (
				EF7075571DE4E384007FF855 /* Base */,
			);
			name = Main.storyboard;
			sourceTree = "<group>";
		};
		EF70755B1DE4E384007FF855 /* LaunchScreen.storyboard */ = {
			isa = PBXVariantGroup;
			children = (
				EF70755C1DE4E384007FF855 /* Base */,
			);
			name = LaunchScreen.storyboard;
			sourceTree = "<group>";
		};
/* End PBXVariantGroup section */

/* Begin XCBuildConfiguration section */
		EF7075751DE4E385007FF855 /* Debug */ = {
			isa = XCBuildConfiguration;
			buildSettings = {
				ALWAYS_SEARCH_USER_PATHS = NO;
				CLANG_ANALYZER_NONNULL = YES;
				CLANG_CXX_LANGUAGE_STANDARD = "gnu++0x";
				CLANG_CXX_LIBRARY = "libc++";
				CLANG_ENABLE_MODULES = YES;
				CLANG_ENABLE_OBJC_ARC = YES;
				CLANG_WARN_BOOL_CONVERSION = YES;
				CLANG_WARN_CONSTANT_CONVERSION = YES;
				CLANG_WARN_DIRECT_OBJC_ISA_USAGE = YES_ERROR;
				CLANG_WARN_EMPTY_BODY = YES;
				CLANG_WARN_ENUM_CONVERSION = YES;
				CLANG_WARN_INT_CONVERSION = YES;
				CLANG_WARN_OBJC_ROOT_CLASS = YES_ERROR;
				CLANG_WARN_UNREACHABLE_CODE = YES;
				CLANG_WARN__DUPLICATE_METHOD_MATCH = YES;
				"CODE_SIGN_IDENTITY[sdk=iphoneos*]" = "iPhone Developer";
				COPY_PHASE_STRIP = NO;
				DEBUG_INFORMATION_FORMAT = dwarf;
				ENABLE_STRICT_OBJC_MSGSEND = YES;
				ENABLE_TESTABILITY = YES;
				GCC_C_LANGUAGE_STANDARD = gnu99;
				GCC_DYNAMIC_NO_PIC = NO;
				GCC_NO_COMMON_BLOCKS = YES;
				GCC_OPTIMIZATION_LEVEL = 0;
				GCC_PREPROCESSOR_DEFINITIONS = (
					"DEBUG=1",
					"$(inherited)",
				);
				GCC_WARN_64_TO_32_BIT_CONVERSION = YES;
				GCC_WARN_ABOUT_RETURN_TYPE = YES_ERROR;
				GCC_WARN_UNDECLARED_SELECTOR = YES;
				GCC_WARN_UNINITIALIZED_AUTOS = YES_AGGRESSIVE;
				GCC_WARN_UNUSED_FUNCTION = YES;
				GCC_WARN_UNUSED_VARIABLE = YES;
				IPHONEOS_DEPLOYMENT_TARGET = 9.3;
				MTL_ENABLE_DEBUG_INFO = YES;
				ONLY_ACTIVE_ARCH = YES;
				SDKROOT = iphoneos;
				SWIFT_OPTIMIZATION_LEVEL = "-Onone";
			};
			name = Debug;
		};
		EF7075761DE4E385007FF855 /* Release */ = {
			isa = XCBuildConfiguration;
			buildSettings = {
				ALWAYS_SEARCH_USER_PATHS = NO;
				CLANG_ANALYZER_NONNULL = YES;
				CLANG_CXX_LANGUAGE_STANDARD = "gnu++0x";
				CLANG_CXX_LIBRARY = "libc++";
				CLANG_ENABLE_MODULES = YES;
				CLANG_ENABLE_OBJC_ARC = YES;
				CLANG_WARN_BOOL_CONVERSION = YES;
				CLANG_WARN_CONSTANT_CONVERSION = YES;
				CLANG_WARN_DIRECT_OBJC_ISA_USAGE = YES_ERROR;
				CLANG_WARN_EMPTY_BODY = YES;
				CLANG_WARN_ENUM_CONVERSION = YES;
				CLANG_WARN_INT_CONVERSION = YES;
				CLANG_WARN_OBJC_ROOT_CLASS = YES_ERROR;
				CLANG_WARN_UNREACHABLE_CODE = YES;
				CLANG_WARN__DUPLICATE_METHOD_MATCH = YES;
				"CODE_SIGN_IDENTITY[sdk=iphoneos*]" = "iPhone Developer";
				COPY_PHASE_STRIP = NO;
				DEBUG_INFORMATION_FORMAT = "dwarf-with-dsym";
				ENABLE_NS_ASSERTIONS = NO;
				ENABLE_STRICT_OBJC_MSGSEND = YES;
				GCC_C_LANGUAGE_STANDARD = gnu99;
				GCC_NO_COMMON_BLOCKS = YES;
				GCC_WARN_64_TO_32_BIT_CONVERSION = YES;
				GCC_WARN_ABOUT_RETURN_TYPE = YES_ERROR;
				GCC_WARN_UNDECLARED_SELECTOR = YES;
				GCC_WARN_UNINITIALIZED_AUTOS = YES_AGGRESSIVE;
				GCC_WARN_UNUSED_FUNCTION = YES;
				GCC_WARN_UNUSED_VARIABLE = YES;
				IPHONEOS_DEPLOYMENT_TARGET = 9.3;
				MTL_ENABLE_DEBUG_INFO = NO;
				SDKROOT = iphoneos;
				VALIDATE_PRODUCT = YES;
			};
			name = Release;
		};
		EF7075781DE4E385007FF855 /* Debug */ = {
			isa = XCBuildConfiguration;
			buildSettings = {
				ASSETCATALOG_COMPILER_APPICON_NAME = AppIcon;
				INFOPLIST_FILE = "Tip Calculator/Info.plist";
				LD_RUNPATH_SEARCH_PATHS = "$(inherited) @executable_path/Frameworks";
				PRODUCT_BUNDLE_IDENTIFIER = "UT-Austin.Tip-Calculator";
				PRODUCT_NAME = "$(TARGET_NAME)";
			};
			name = Debug;
		};
		EF7075791DE4E385007FF855 /* Release */ = {
			isa = XCBuildConfiguration;
			buildSettings = {
				ASSETCATALOG_COMPILER_APPICON_NAME = AppIcon;
				INFOPLIST_FILE = "Tip Calculator/Info.plist";
				LD_RUNPATH_SEARCH_PATHS = "$(inherited) @executable_path/Frameworks";
				PRODUCT_BUNDLE_IDENTIFIER = "UT-Austin.Tip-Calculator";
				PRODUCT_NAME = "$(TARGET_NAME)";
			};
			name = Release;
		};
		EF70757B1DE4E385007FF855 /* Debug */ = {
			isa = XCBuildConfiguration;
			buildSettings = {
				BUNDLE_LOADER = "$(TEST_HOST)";
				INFOPLIST_FILE = "Tip CalculatorTests/Info.plist";
				LD_RUNPATH_SEARCH_PATHS = "$(inherited) @executable_path/Frameworks @loader_path/Frameworks";
				PRODUCT_BUNDLE_IDENTIFIER = "UT-Austin.Tip-CalculatorTests";
				PRODUCT_NAME = "$(TARGET_NAME)";
				TEST_HOST = "$(BUILT_PRODUCTS_DIR)/Tip Calculator.app/Tip Calculator";
			};
			name = Debug;
		};
		EF70757C1DE4E385007FF855 /* Release */ = {
			isa = XCBuildConfiguration;
			buildSettings = {
				BUNDLE_LOADER = "$(TEST_HOST)";
				INFOPLIST_FILE = "Tip CalculatorTests/Info.plist";
				LD_RUNPATH_SEARCH_PATHS = "$(inherited) @executable_path/Frameworks @loader_path/Frameworks";
				PRODUCT_BUNDLE_IDENTIFIER = "UT-Austin.Tip-CalculatorTests";
				PRODUCT_NAME = "$(TARGET_NAME)";
				TEST_HOST = "$(BUILT_PRODUCTS_DIR)/Tip Calculator.app/Tip Calculator";
			};
			name = Release;
		};
		EF70757E1DE4E385007FF855 /* Debug */ = {
			isa = XCBuildConfiguration;
			buildSettings = {
				INFOPLIST_FILE = "Tip CalculatorUITests/Info.plist";
				LD_RUNPATH_SEARCH_PATHS = "$(inherited) @executable_path/Frameworks @loader_path/Frameworks";
				PRODUCT_BUNDLE_IDENTIFIER = "UT-Austin.Tip-CalculatorUITests";
				PRODUCT_NAME = "$(TARGET_NAME)";
				TEST_TARGET_NAME = "Tip Calculator";
			};
			name = Debug;
		};
		EF70757F1DE4E385007FF855 /* Release */ = {
			isa = XCBuildConfiguration;
			buildSettings = {
				INFOPLIST_FILE = "Tip CalculatorUITests/Info.plist";
				LD_RUNPATH_SEARCH_PATHS = "$(inherited) @executable_path/Frameworks @loader_path/Frameworks";
				PRODUCT_BUNDLE_IDENTIFIER = "UT-Austin.Tip-CalculatorUITests";
				PRODUCT_NAME = "$(TARGET_NAME)";
				TEST_TARGET_NAME = "Tip Calculator";
			};
			name = Release;
		};
/* End XCBuildConfiguration section */

/* Begin XCConfigurationList section */
		EF70754A1DE4E384007FF855 /* Build configuration list for PBXProject "Tip Calculator" */ = {
			isa = XCConfigurationList;
			buildConfigurations = (
				EF7075751DE4E385007FF855 /* Debug */,
				EF7075761DE4E385007FF855 /* Release */,
			);
			defaultConfigurationIsVisible = 0;
			defaultConfigurationName = Release;
		};
		EF7075771DE4E385007FF855 /* Build configuration list for PBXNativeTarget "Tip Calculator" */ = {
			isa = XCConfigurationList;
			buildConfigurations = (
				EF7075781DE4E385007FF855 /* Debug */,
				EF7075791DE4E385007FF855 /* Release */,
			);
			defaultConfigurationIsVisible = 0;
		};
		EF70757A1DE4E385007FF855 /* Build configuration list for PBXNativeTarget "Tip CalculatorTests" */ = {
			isa = XCConfigurationList;
			buildConfigurations = (
				EF70757B1DE4E385007FF855 /* Debug */,
				EF70757C1DE4E385007FF855 /* Release */,
			);
			defaultConfigurationIsVisible = 0;
		};
		EF70757D1DE4E385007FF855 /* Build configuration list for PBXNativeTarget "Tip CalculatorUITests" */ = {
			isa = XCConfigurationList;
			buildConfigurations = (
				EF70757E1DE4E385007FF855 /* Debug */,
				EF70757F1DE4E385007FF855 /* Release */,
			);
			defaultConfigurationIsVisible = 0;
		};
/* End XCConfigurationList section */
	};
	rootObject = EF7075471DE4E384007FF855 /* Project object */;
}
